{
  "nodes": {
    "flake-compat": {
      "flake": false,
      "locked": {
        "lastModified": 1606424373,
        "narHash": "sha256-oq8d4//CJOrVj+EcOaSXvMebvuTkmBJuT5tzlfewUnQ=",
        "owner": "edolstra",
        "repo": "flake-compat",
        "rev": "99f1c2157fba4bfe6211a321fd0ee43199025dbf",
        "type": "github"
      },
      "original": {
        "owner": "edolstra",
        "repo": "flake-compat",
        "type": "github"
      }
    },
    "flake-utils": {
      "locked": {
        "lastModified": 1644229661,
        "narHash": "sha256-1YdnJAsNy69bpcjuoKdOYQX0YxZBiCYZo4Twxerqv7k=",
        "owner": "numtide",
        "repo": "flake-utils",
        "rev": "3cecb5b042f7f209c56ffd8371b2711a290ec797",
        "type": "github"
      },
      "original": {
        "owner": "numtide",
        "repo": "flake-utils",
        "type": "github"
      }
    },
    "flake-utils_2": {
      "locked": {
        "lastModified": 1620759905,
        "narHash": "sha256-WiyWawrgmyN0EdmiHyG2V+fqReiVi8bM9cRdMaKQOFg=",
        "owner": "numtide",
        "repo": "flake-utils",
        "rev": "b543720b25df6ffdfcf9227afafc5b8c1fabfae8",
        "type": "github"
      },
      "original": {
        "owner": "numtide",
        "repo": "flake-utils",
        "type": "github"
      }
    },
    "flake-utils_3": {
      "locked": {
        "lastModified": 1610051610,
        "narHash": "sha256-U9rPz/usA1/Aohhk7Cmc2gBrEEKRzcW4nwPWMPwja4Y=",
        "owner": "numtide",
        "repo": "flake-utils",
        "rev": "3982c9903e93927c2164caa727cd3f6a0e6d14cc",
        "type": "github"
      },
      "original": {
        "owner": "numtide",
        "repo": "flake-utils",
        "type": "github"
      }
    },
    "mne": {
      "inputs": {
        "nixpkgs": "nixpkgs"
      },
      "locked": {
        "lastModified": 1592840129,
        "narHash": "sha256-gotxFShqU3Pimy3tcaFJp54FmAtwiQCkSOpU1xxNuLE=",
        "owner": "damianfral",
        "repo": "merge-nix-envs",
        "rev": "b317994862175594c18b8347e655360012de9cdb",
        "type": "github"
      },
      "original": {
        "owner": "damianfral",
        "repo": "merge-nix-envs",
        "type": "github"
      }
    },
    "nixops-plugged": {
      "inputs": {
        "flake-compat": "flake-compat",
        "flake-utils": "flake-utils_2",
        "nixpkgs": "nixpkgs_2",
        "poetry2nix": "poetry2nix"
      },
      "locked": {
        "lastModified": 1646016044,
        "narHash": "sha256-OUM3M1/1otdCr3fiHkoPxPVd4r8148QGpj+3IZF8kik=",
        "owner": "lukebfox",
        "repo": "nixops-plugged",
        "rev": "ec908eb4b1e31f481a224fe9219c89b44af58b1d",
        "type": "github"
      },
      "original": {
        "owner": "lukebfox",
        "repo": "nixops-plugged",
        "type": "github"
      }
    },
    "nixpkgs": {
      "locked": {
        "lastModified": 1592463993,
        "narHash": "sha256-QoZ0hhU6uNl9ev6iNkqHg4d+j94yNWTcBIYXqrK1q9g=",
        "owner": "NixOS",
        "repo": "nixpkgs",
        "rev": "9480bae337095fd24f61380bce3174fdfe926a00",
        "type": "github"
      },
      "original": {
        "owner": "NixOS",
        "ref": "nixos-unstable",
        "repo": "nixpkgs",
        "type": "github"
      }
    },
    "nixpkgs_2": {
      "locked": {
        "lastModified": 1621667810,
        "narHash": "sha256-Tsnd84XTiAtqKLOjfCflmeh+R7whf+FNW7OKrTJ6ZOI=",
        "owner": "nixos",
        "repo": "nixpkgs",
        "rev": "efee454783c5c14ae78687439077c1d3f0544d97",
        "type": "github"
      },
      "original": {
        "owner": "nixos",
        "ref": "nixpkgs-unstable",
        "repo": "nixpkgs",
        "type": "github"
      }
    },
    "nixpkgs_3": {
      "locked": {
        "lastModified": 1610729867,
        "narHash": "sha256-bk/SBaBLqZX/PEqal27DMQwAHHl0dcZMp8NNksQr80s=",
        "owner": "NixOS",
        "repo": "nixpkgs",
        "rev": "04af07c659c6723a2259bb6bc00a47ec53330f20",
        "type": "github"
      },
      "original": {
        "owner": "NixOS",
        "repo": "nixpkgs",
        "type": "github"
      }
    },
    "nixpkgs_4": {
      "locked": {
        "lastModified": 1648255000,
        "narHash": "sha256-oHGBkrFX4AsJe+1dtGQZQUYba3E/EgDJeCUWm1i/CNw=",
        "owner": "NixOS",
        "repo": "nixpkgs",
        "rev": "22588ab564e4f8f19bb5ba138bb52c8f84522ad2",
        "type": "github"
      },
      "original": {
        "owner": "NixOS",
        "ref": "master",
        "repo": "nixpkgs",
        "type": "github"
      }
    },
    "poetry2nix": {
      "inputs": {
        "flake-utils": "flake-utils_3",
        "nixpkgs": "nixpkgs_3"
      },
      "locked": {
        "lastModified": 1621564136,
        "narHash": "sha256-cXhv2lcpxz9muSKsJ0+r5q8YUGYIUARsPUFFWfcuiAQ=",
        "owner": "nix-community",
        "repo": "poetry2nix",
        "rev": "a5d82ecb020e6c058c0a515520a4e22133278b92",
        "type": "github"
      },
      "original": {
        "owner": "nix-community",
        "repo": "poetry2nix",
        "type": "github"
      }
    },
    "root": {
      "inputs": {
        "flake-utils": "flake-utils",
        "mne": "mne",
        "nixops-plugged": "nixops-plugged",
        "nixpkgs": "nixpkgs_4",
        "streamly": "streamly",
        "streamly-process": "streamly-process"
      }
    },
    "streamly": {
      "flake": false,
      "locked": {
        "lastModified": 1647367553,
        "narHash": "sha256-rbn2Fw0fLmnSNLF2cqS2Ik/3y0efUJOJ0efx682gIk8=",
        "owner": "composewell",
        "repo": "streamly",
        "rev": "54158cea5481ea036f873ea4a964d4d460db09d5",
        "type": "github"
      },
      "original": {
        "owner": "composewell",
        "repo": "streamly",
        "type": "github"
      }
    },
    "streamly-process": {
      "flake": false,
      "locked": {
        "lastModified": 1646383929,
        "narHash": "sha256-gHDFHUmf+se5xDinogKRzU4MDsoN7ullMFwbKADXkbo=",
        "owner": "composewell",
        "repo": "streamly-process",
        "rev": "a9a70ec7dba60a93cf7f69d444bc04817a55b451",
        "type": "github"
      },
      "original": {
        "owner": "composewell",
        "repo": "streamly-process",
        "type": "github"
      }
    }
  },
  "root": "root",
  "version": 7
}
